
Microsoft Visual Studio Solution File, Format Version 12.00
# Visual Studio Version 17
VisualStudioVersion = 17.2.32616.157
MinimumVisualStudioVersion = 10.0.40219.1
Project("{9A19103F-16F7-4668-BE54-9A1E7A4F7556}") = "autocalculator", "autocalculator\autocalculator.csproj", "{F66CC162-338D-444A-BC84-8CAD4E4B4705}"
EndProject
Project("{FAE04EC0-301F-11D3-BF4B-00C04F79EFBC}") = "AutoCalculatorTest", "AutoCalculatorTest\AutoCalculatorTest.csproj", "{54908964-ED06-4251-BE33-0ACB0EE3954D}"
EndProject
Global
	GlobalSection(SolutionConfigurationPlatforms) = preSolution
		Debug|Any CPU = Debug|Any CPU
		Release|Any CPU = Release|Any CPU
	EndGlobalSection
	GlobalSection(ProjectConfigurationPlatforms) = postSolution
		{F66CC162-338D-444A-BC84-8CAD4E4B4705}.Debug|Any CPU.ActiveCfg = Debug|Any CPU
		{F66CC162-338D-444A-BC84-8CAD4E4B4705}.Debug|Any CPU.Build.0 = Debug|Any CPU
		{F66CC162-338D-444A-BC84-8CAD4E4B4705}.Release|Any CPU.ActiveCfg = Release|Any CPU
		{F66CC162-338D-444A-BC84-8CAD4E4B4705}.Release|Any CPU.Build.0 = Release|Any CPU
		{54908964-ED06-4251-BE33-0ACB0EE3954D}.Debug|Any CPU.ActiveCfg = Debug|Any CPU
		{54908964-ED06-4251-BE33-0ACB0EE3954D}.Debug|Any CPU.Build.0 = Debug|Any CPU
		{54908964-ED06-4251-BE33-0ACB0EE3954D}.Release|Any CPU.ActiveCfg = Release|Any CPU
		{54908964-ED06-4251-BE33-0ACB0EE3954D}.Release|Any CPU.Build.0 = Release|Any CPU
	EndGlobalSection
	GlobalSection(SolutionProperties) = preSolution
		HideSolutionNode = FALSE
	EndGlobalSection
	GlobalSection(ExtensibilityGlobals) = postSolution
		SolutionGuid = {F5943BA5-1632-4DAF-9A36-F2782F59D410}
	EndGlobalSection
EndGlobal
